
Microsoft Visual Studio Solution File, Format Version 12.00
# Visual Studio 15
VisualStudioVersion = 15.0.28307.572
MinimumVisualStudioVersion = 10.0.40219.1
Project("{FAE04EC0-301F-11D3-BF4B-00C04F79EFBC}") = "TestApp.Android", "TestApp\TestApp.Android\TestApp.Android.csproj", "{1F75E843-A0B8-4717-B8AD-AD030FC3886C}"
EndProject
Project("{FAE04EC0-301F-11D3-BF4B-00C04F79EFBC}") = "TestApp.iOS", "TestApp\TestApp.iOS\TestApp.iOS.csproj", "{50E3CE82-81DC-4BE7-956F-B917023C4944}"
EndProject
Project("{FAE04EC0-301F-11D3-BF4B-00C04F79EFBC}") = "TestApp", "TestApp\TestApp\TestApp.csproj", "{5DE96A9A-C195-4BE9-BF6C-AE41F4C762D2}"
EndProject
Global
	GlobalSection(SolutionConfigurationPlatforms) = preSolution
		Ad-Hoc|Any CPU = Ad-Hoc|Any CPU
		Ad-Hoc|iPhone = Ad-Hoc|iPhone
		Ad-Hoc|iPhoneSimulator = Ad-Hoc|iPhoneSimulator
		AppStore|Any CPU = AppStore|Any CPU
		AppStore|iPhone = AppStore|iPhone
		AppStore|iPhoneSimulator = AppStore|iPhoneSimulator
		Debug|Any CPU = Debug|Any CPU
		Debug|iPhone = Debug|iPhone
		Debug|iPhoneSimulator = Debug|iPhoneSimulator
		Release|Any CPU = Release|Any CPU
		Release|iPhone = Release|iPhone
		Release|iPhoneSimulator = Release|iPhoneSimulator
	EndGlobalSection
	GlobalSection(ProjectConfigurationPlatforms) = postSolution
		{1F75E843-A0B8-4717-B8AD-AD030FC3886C}.Ad-Hoc|Any CPU.ActiveCfg = Release|Any CPU
		{1F75E843-A0B8-4717-B8AD-AD030FC3886C}.Ad-Hoc|Any CPU.Build.0 = Release|Any CPU
		{1F75E843-A0B8-4717-B8AD-AD030FC3886C}.Ad-Hoc|Any CPU.Deploy.0 = Release|Any CPU
		{1F75E843-A0B8-4717-B8AD-AD030FC3886C}.Ad-Hoc|iPhone.ActiveCfg = Release|Any CPU
		{1F75E843-A0B8-4717-B8AD-AD030FC3886C}.Ad-Hoc|iPhone.Build.0 = Release|Any CPU
		{1F75E843-A0B8-4717-B8AD-AD030FC3886C}.Ad-Hoc|iPhone.Deploy.0 = Release|Any CPU
		{1F75E843-A0B8-4717-B8AD-AD030FC3886C}.Ad-Hoc|iPhoneSimulator.ActiveCfg = Release|Any CPU
		{1F75E843-A0B8-4717-B8AD-AD030FC3886C}.Ad-Hoc|iPhoneSimulator.Build.0 = Release|Any CPU
		{1F75E843-A0B8-4717-B8AD-AD030FC3886C}.Ad-Hoc|iPhoneSimulator.Deploy.0 = Release|Any CPU
		{1F75E843-A0B8-4717-B8AD-AD030FC3886C}.AppStore|Any CPU.ActiveCfg = Release|Any CPU
		{1F75E843-A0B8-4717-B8AD-AD030FC3886C}.AppStore|Any CPU.Build.0 = Release|Any CPU
		{1F75E843-A0B8-4717-B8AD-AD030FC3886C}.AppStore|Any CPU.Deploy.0 = Release|Any CPU
		{1F75E843-A0B8-4717-B8AD-AD030FC3886C}.AppStore|iPhone.ActiveCfg = Release|Any CPU
		{1F75E843-A0B8-4717-B8AD-AD030FC3886C}.AppStore|iPhone.Build.0 = Release|Any CPU
		{1F75E843-A0B8-4717-B8AD-AD030FC3886C}.AppStore|iPhone.Deploy.0 = Release|Any CPU
		{1F75E843-A0B8-4717-B8AD-AD030FC3886C}.AppStore|iPhoneSimulator.ActiveCfg = Release|Any CPU
		{1F75E843-A0B8-4717-B8AD-AD030FC3886C}.AppStore|iPhoneSimulator.Build.0 = Release|Any CPU
		{1F75E843-A0B8-4717-B8AD-AD030FC3886C}.AppStore|iPhoneSimulator.Deploy.0 = Release|Any CPU
		{1F75E843-A0B8-4717-B8AD-AD030FC3886C}.Debug|Any CPU.ActiveCfg = Debug|Any CPU
		{1F75E843-A0B8-4717-B8AD-AD030FC3886C}.Debug|Any CPU.Build.0 = Debug|Any CPU
		{1F75E843-A0B8-4717-B8AD-AD030FC3886C}.Debug|Any CPU.Deploy.0 = Debug|Any CPU
		{1F75E843-A0B8-4717-B8AD-AD030FC3886C}.Debug|iPhone.ActiveCfg = Debug|Any CPU
		{1F75E843-A0B8-4717-B8AD-AD030FC3886C}.Debug|iPhone.Build.0 = Debug|Any CPU
		{1F75E843-A0B8-4717-B8AD-AD030FC3886C}.Debug|iPhone.Deploy.0 = Debug|Any CPU
		{1F75E843-A0B8-4717-B8AD-AD030FC3886C}.Debug|iPhoneSimulator.ActiveCfg = Debug|Any CPU
		{1F75E843-A0B8-4717-B8AD-AD030FC3886C}.Debug|iPhoneSimulator.Build.0 = Debug|Any CPU
		{1F75E843-A0B8-4717-B8AD-AD030FC3886C}.Debug|iPhoneSimulator.Deploy.0 = Debug|Any CPU
		{1F75E843-A0B8-4717-B8AD-AD030FC3886C}.Release|Any CPU.ActiveCfg = Release|Any CPU
		{1F75E843-A0B8-4717-B8AD-AD030FC3886C}.Release|Any CPU.Build.0 = Release|Any CPU
		{1F75E843-A0B8-4717-B8AD-AD030FC3886C}.Release|Any CPU.Deploy.0 = Release|Any CPU
		{1F75E843-A0B8-4717-B8AD-AD030FC3886C}.Release|iPhone.ActiveCfg = Release|Any CPU
		{1F75E843-A0B8-4717-B8AD-AD030FC3886C}.Release|iPhone.Build.0 = Release|Any CPU
		{1F75E843-A0B8-4717-B8AD-AD030FC3886C}.Release|iPhone.Deploy.0 = Release|Any CPU
		{1F75E843-A0B8-4717-B8AD-AD030FC3886C}.Release|iPhoneSimulator.ActiveCfg = Release|Any CPU
		{1F75E843-A0B8-4717-B8AD-AD030FC3886C}.Release|iPhoneSimulator.Build.0 = Release|Any CPU
		{1F75E843-A0B8-4717-B8AD-AD030FC3886C}.Release|iPhoneSimulator.Deploy.0 = Release|Any CPU
		{50E3CE82-81DC-4BE7-956F-B917023C4944}.Ad-Hoc|Any CPU.ActiveCfg = Ad-Hoc|iPhone
		{50E3CE82-81DC-4BE7-956F-B917023C4944}.Ad-Hoc|Any CPU.Build.0 = Ad-Hoc|iPhone
		{50E3CE82-81DC-4BE7-956F-B917023C4944}.Ad-Hoc|Any CPU.Deploy.0 = Ad-Hoc|iPhone
		{50E3CE82-81DC-4BE7-956F-B917023C4944}.Ad-Hoc|iPhone.ActiveCfg = Ad-Hoc|iPhone
		{50E3CE82-81DC-4BE7-956F-B917023C4944}.Ad-Hoc|iPhone.Build.0 = Ad-Hoc|iPhone
		{50E3CE82-81DC-4BE7-956F-B917023C4944}.Ad-Hoc|iPhone.Deploy.0 = Ad-Hoc|iPhone
		{50E3CE82-81DC-4BE7-956F-B917023C4944}.Ad-Hoc|iPhoneSimulator.ActiveCfg = Ad-Hoc|iPhoneSimulator
		{50E3CE82-81DC-4BE7-956F-B917023C4944}.Ad-Hoc|iPhoneSimulator.Build.0 = Ad-Hoc|iPhoneSimulator
		{50E3CE82-81DC-4BE7-956F-B917023C4944}.Ad-Hoc|iPhoneSimulator.Deploy.0 = Ad-Hoc|iPhoneSimulator
		{50E3CE82-81DC-4BE7-956F-B917023C4944}.AppStore|Any CPU.ActiveCfg = AppStore|iPhone
		{50E3CE82-81DC-4BE7-956F-B917023C4944}.AppStore|Any CPU.Build.0 = AppStore|iPhone
		{50E3CE82-81DC-4BE7-956F-B917023C4944}.AppStore|Any CPU.Deploy.0 = AppStore|iPhone
		{50E3CE82-81DC-4BE7-956F-B917023C4944}.AppStore|iPhone.ActiveCfg = AppStore|iPhone
		{50E3CE82-81DC-4BE7-956F-B917023C4944}.AppStore|iPhone.Build.0 = AppStore|iPhone
		{50E3CE82-81DC-4BE7-956F-B917023C4944}.AppStore|iPhone.Deploy.0 = AppStore|iPhone
		{50E3CE82-81DC-4BE7-956F-B917023C4944}.AppStore|iPhoneSimulator.ActiveCfg = AppStore|iPhoneSimulator
		{50E3CE82-81DC-4BE7-956F-B917023C4944}.AppStore|iPhoneSimulator.Build.0 = AppStore|iPhoneSimulator
		{50E3CE82-81DC-4BE7-956F-B917023C4944}.AppStore|iPhoneSimulator.Deploy.0 = AppStore|iPhoneSimulator
		{50E3CE82-81DC-4BE7-956F-B917023C4944}.Debug|Any CPU.ActiveCfg = Debug|iPhoneSimulator
		{50E3CE82-81DC-4BE7-956F-B917023C4944}.Debug|Any CPU.Build.0 = Debug|iPhoneSimulator
		{50E3CE82-81DC-4BE7-956F-B917023C4944}.Debug|Any CPU.Deploy.0 = Debug|iPhoneSimulator
		{50E3CE82-81DC-4BE7-956F-B917023C4944}.Debug|iPhone.ActiveCfg = Debug|iPhone
		{50E3CE82-81DC-4BE7-956F-B917023C4944}.Debug|iPhone.Build.0 = Debug|iPhone
		{50E3CE82-81DC-4BE7-956F-B917023C4944}.Debug|iPhone.Deploy.0 = Debug|iPhone
		{50E3CE82-81DC-4BE7-956F-B917023C4944}.Debug|iPhoneSimulator.ActiveCfg = Debug|iPhoneSimulator
		{50E3CE82-81DC-4BE7-956F-B917023C4944}.Debug|iPhoneSimulator.Build.0 = Debug|iPhoneSimulator
		{50E3CE82-81DC-4BE7-956F-B917023C4944}.Debug|iPhoneSimulator.Deploy.0 = Debug|iPhoneSimulator
		{50E3CE82-81DC-4BE7-956F-B917023C4944}.Release|Any CPU.ActiveCfg = Release|iPhone
		{50E3CE82-81DC-4BE7-956F-B917023C4944}.Release|Any CPU.Build.0 = Release|iPhone
		{50E3CE82-81DC-4BE7-956F-B917023C4944}.Release|Any CPU.Deploy.0 = Release|iPhone
		{50E3CE82-81DC-4BE7-956F-B917023C4944}.Release|iPhone.ActiveCfg = Release|iPhone
		{50E3CE82-81DC-4BE7-956F-B917023C4944}.Release|iPhone.Build.0 = Release|iPhone
		{50E3CE82-81DC-4BE7-956F-B917023C4944}.Release|iPhone.Deploy.0 = Release|iPhone
		{50E3CE82-81DC-4BE7-956F-B917023C4944}.Release|iPhoneSimulator.ActiveCfg = Release|iPhoneSimulator
		{50E3CE82-81DC-4BE7-956F-B917023C4944}.Release|iPhoneSimulator.Build.0 = Release|iPhoneSimulator
		{50E3CE82-81DC-4BE7-956F-B917023C4944}.Release|iPhoneSimulator.Deploy.0 = Release|iPhoneSimulator
		{5DE96A9A-C195-4BE9-BF6C-AE41F4C762D2}.Ad-Hoc|Any CPU.ActiveCfg = Debug|Any CPU
		{5DE96A9A-C195-4BE9-BF6C-AE41F4C762D2}.Ad-Hoc|Any CPU.Build.0 = Debug|Any CPU
		{5DE96A9A-C195-4BE9-BF6C-AE41F4C762D2}.Ad-Hoc|Any CPU.Deploy.0 = Debug|Any CPU
		{5DE96A9A-C195-4BE9-BF6C-AE41F4C762D2}.Ad-Hoc|iPhone.ActiveCfg = Debug|Any CPU
		{5DE96A9A-C195-4BE9-BF6C-AE41F4C762D2}.Ad-Hoc|iPhone.Build.0 = Debug|Any CPU
		{5DE96A9A-C195-4BE9-BF6C-AE41F4C762D2}.Ad-Hoc|iPhone.Deploy.0 = Debug|Any CPU
		{5DE96A9A-C195-4BE9-BF6C-AE41F4C762D2}.Ad-Hoc|iPhoneSimulator.ActiveCfg = Debug|Any CPU
		{5DE96A9A-C195-4BE9-BF6C-AE41F4C762D2}.Ad-Hoc|iPhoneSimulator.Build.0 = Debug|Any CPU
		{5DE96A9A-C195-4BE9-BF6C-AE41F4C762D2}.Ad-Hoc|iPhoneSimulator.Deploy.0 = Debug|Any CPU
		{5DE96A9A-C195-4BE9-BF6C-AE41F4C762D2}.AppStore|Any CPU.ActiveCfg = Debug|Any CPU
		{5DE96A9A-C195-4BE9-BF6C-AE41F4C762D2}.AppStore|Any CPU.Build.0 = Debug|Any CPU
		{5DE96A9A-C195-4BE9-BF6C-AE41F4C762D2}.AppStore|Any CPU.Deploy.0 = Debug|Any CPU
		{5DE96A9A-C195-4BE9-BF6C-AE41F4C762D2}.AppStore|iPhone.ActiveCfg = Debug|Any CPU
		{5DE96A9A-C195-4BE9-BF6C-AE41F4C762D2}.AppStore|iPhone.Build.0 = Debug|Any CPU
		{5DE96A9A-C195-4BE9-BF6C-AE41F4C762D2}.AppStore|iPhone.Deploy.0 = Debug|Any CPU
		{5DE96A9A-C195-4BE9-BF6C-AE41F4C762D2}.AppStore|iPhoneSimulator.ActiveCfg = Debug|Any CPU
		{5DE96A9A-C195-4BE9-BF6C-AE41F4C762D2}.AppStore|iPhoneSimulator.Build.0 = Debug|Any CPU
		{5DE96A9A-C195-4BE9-BF6C-AE41F4C762D2}.AppStore|iPhoneSimulator.Deploy.0 = Debug|Any CPU
		{5DE96A9A-C195-4BE9-BF6C-AE41F4C762D2}.Debug|Any CPU.ActiveCfg = Debug|Any CPU
		{5DE96A9A-C195-4BE9-BF6C-AE41F4C762D2}.Debug|Any CPU.Build.0 = Debug|Any CPU
		{5DE96A9A-C195-4BE9-BF6C-AE41F4C762D2}.Debug|Any CPU.Deploy.0 = Debug|Any CPU
		{5DE96A9A-C195-4BE9-BF6C-AE41F4C762D2}.Debug|iPhone.ActiveCfg = Debug|Any CPU
		{5DE96A9A-C195-4BE9-BF6C-AE41F4C762D2}.Debug|iPhone.Build.0 = Debug|Any CPU
		{5DE96A9A-C195-4BE9-BF6C-AE41F4C762D2}.Debug|iPhone.Deploy.0 = Debug|Any CPU
		{5DE96A9A-C195-4BE9-BF6C-AE41F4C762D2}.Debug|iPhoneSimulator.ActiveCfg = Debug|Any CPU
		{5DE96A9A-C195-4BE9-BF6C-AE41F4C762D2}.Debug|iPhoneSimulator.Build.0 = Debug|Any CPU
		{5DE96A9A-C195-4BE9-BF6C-AE41F4C762D2}.Debug|iPhoneSimulator.Deploy.0 = Debug|Any CPU
		{5DE96A9A-C195-4BE9-BF6C-AE41F4C762D2}.Release|Any CPU.ActiveCfg = Release|Any CPU
		{5DE96A9A-C195-4BE9-BF6C-AE41F4C762D2}.Release|Any CPU.Build.0 = Release|Any CPU
		{5DE96A9A-C195-4BE9-BF6C-AE41F4C762D2}.Release|Any CPU.Deploy.0 = Release|Any CPU
		{5DE96A9A-C195-4BE9-BF6C-AE41F4C762D2}.Release|iPhone.ActiveCfg = Release|Any CPU
		{5DE96A9A-C195-4BE9-BF6C-AE41F4C762D2}.Release|iPhone.Build.0 = Release|Any CPU
		{5DE96A9A-C195-4BE9-BF6C-AE41F4C762D2}.Release|iPhone.Deploy.0 = Release|Any CPU
		{5DE96A9A-C195-4BE9-BF6C-AE41F4C762D2}.Release|iPhoneSimulator.ActiveCfg = Release|Any CPU
		{5DE96A9A-C195-4BE9-BF6C-AE41F4C762D2}.Release|iPhoneSimulator.Build.0 = Release|Any CPU
		{5DE96A9A-C195-4BE9-BF6C-AE41F4C762D2}.Release|iPhoneSimulator.Deploy.0 = Release|Any CPU
	EndGlobalSection
	GlobalSection(SolutionProperties) = preSolution
		HideSolutionNode = FALSE
	EndGlobalSection
	GlobalSection(ExtensibilityGlobals) = postSolution
		SolutionGuid = {1F22FE58-426F-48DD-8040-ABB722CF26AF}
	EndGlobalSection
EndGlobal
